
Microsoft Visual Studio Solution File, Format Version 12.00
Project("{FAE04EC0-301F-11D3-BF4B-00C04F79EFBC}") = "ConnectFour", "ConnectFour\ConnectFour.csproj", "{3BDA4487-D379-490B-AAB9-FC38E2720F21}"
EndProject
Global
	GlobalSection(SolutionConfigurationPlatforms) = preSolution
		Debug|Any CPU = Debug|Any CPU
		Release|Any CPU = Release|Any CPU
	EndGlobalSection
	GlobalSection(ProjectConfigurationPlatforms) = postSolution
		{3BDA4487-D379-490B-AAB9-FC38E2720F21}.Debug|Any CPU.ActiveCfg = Debug|Any CPU
		{3BDA4487-D379-490B-AAB9-FC38E2720F21}.Debug|Any CPU.Build.0 = Debug|Any CPU
		{3BDA4487-D379-490B-AAB9-FC38E2720F21}.Release|Any CPU.ActiveCfg = Release|Any CPU
		{3BDA4487-D379-490B-AAB9-FC38E2720F21}.Release|Any CPU.Build.0 = Release|Any CPU
	EndGlobalSection
EndGlobal
